github.com/gernest/front v0.0.0-20181129160812-ed80ca338b88 h1:fqfzqvgJfq5Sw7VZyb+OoiOKQzI27pkwhvf/V46XEl8=
github.com/gernest/front v0.0.0-20181129160812-ed80ca338b88/go.mod h1:FwEMwQ5+xky8tbzDLj72k2RAqXnFByLNwxg+9UZDtqU=
gopkg.in/check.v1 v0.0.0-20161208181325-20d25e280405 h1:yhCVgyC4o1eVCa2tZl7eS0r+SDo693bJlVdllGtEeKM=
gopkg.in/check.v1 v0.0.0-20161208181325-20d25e280405/go.mod h1:Co6ibVJAznAaIkqp8huTwlJQCZ016jof/cbN4VW5Yz0=
gopkg.in/yaml.v2 v2.2.2 h1:ZCJp+EgiOT7lHqUV2J862kp8Qj64Jo6az82+3Td9dZw=
gopkg.in/yaml.v2 v2.2.2/go.mod h1:hI93XBmqTisBFMUTm0b8Fm+jr3Dg1NNxqwp+5A1VGuI=
